
Microsoft Visual Studio Solution File, Format Version 12.00
# Visual Studio 14
VisualStudioVersion = 14.0.24720.0
MinimumVisualStudioVersion = 10.0.40219.1
Project("{FAE04EC0-301F-11D3-BF4B-00C04F79EFBC}") = "SimpleBackupService", "SimpleBackupService\SimpleBackupService.csproj", "{881E0CD8-2281-4EA6-9439-185278BDD5AB}"
EndProject
Project("{FAE04EC0-301F-11D3-BF4B-00C04F79EFBC}") = "SimpleBackupService.Control", "SimpleBackupService.Control\SimpleBackupService.Control.csproj", "{B6F70ADB-C7AF-49F8-A3A5-9E5B7B465428}"
EndProject
Project("{930C7802-8A8C-48F9-8165-68863BCCD9DD}") = "SimpleBackupService.Installer", "SimpleBackupService.Installer\SimpleBackupService.Installer.wixproj", "{DE2B7784-F288-4603-A876-E7EDB1124A0F}"
EndProject
Project("{FAE04EC0-301F-11D3-BF4B-00C04F79EFBC}") = "SimpleBackupService.Contracts", "SimpleBackupService.Contracts\SimpleBackupService.Contracts.csproj", "{57D6FFFC-D123-4819-B779-D551898E5070}"
EndProject
Project("{FAE04EC0-301F-11D3-BF4B-00C04F79EFBC}") = "SimpleBackupService.Config", "SimpleBackupService.Config\SimpleBackupService.Config.csproj", "{4275282F-BA8B-4D46-86F0-97B8B2C45DA1}"
EndProject
Project("{FAE04EC0-301F-11D3-BF4B-00C04F79EFBC}") = "SimpleBackupService.WebApi", "SimpleBackupService.WebApi\SimpleBackupService.WebApi.csproj", "{CC84FF49-807E-4FF1-BCCC-14B9ACDBEA5E}"
EndProject
Project("{FAE04EC0-301F-11D3-BF4B-00C04F79EFBC}") = "SimpleBackupService.Logging", "SimpleBackupService.Logging\SimpleBackupService.Logging.csproj", "{9F60DA91-4FE1-427E-9B07-41C85CBFEE4B}"
EndProject
Global
	GlobalSection(SolutionConfigurationPlatforms) = preSolution
		Debug|Any CPU = Debug|Any CPU
		Debug|x86 = Debug|x86
		Release|Any CPU = Release|Any CPU
		Release|x86 = Release|x86
	EndGlobalSection
	GlobalSection(ProjectConfigurationPlatforms) = postSolution
		{881E0CD8-2281-4EA6-9439-185278BDD5AB}.Debug|Any CPU.ActiveCfg = Debug|Any CPU
		{881E0CD8-2281-4EA6-9439-185278BDD5AB}.Debug|Any CPU.Build.0 = Debug|Any CPU
		{881E0CD8-2281-4EA6-9439-185278BDD5AB}.Debug|x86.ActiveCfg = Debug|Any CPU
		{881E0CD8-2281-4EA6-9439-185278BDD5AB}.Debug|x86.Build.0 = Debug|Any CPU
		{881E0CD8-2281-4EA6-9439-185278BDD5AB}.Release|Any CPU.ActiveCfg = Release|Any CPU
		{881E0CD8-2281-4EA6-9439-185278BDD5AB}.Release|Any CPU.Build.0 = Release|Any CPU
		{881E0CD8-2281-4EA6-9439-185278BDD5AB}.Release|x86.ActiveCfg = Release|Any CPU
		{881E0CD8-2281-4EA6-9439-185278BDD5AB}.Release|x86.Build.0 = Release|Any CPU
		{B6F70ADB-C7AF-49F8-A3A5-9E5B7B465428}.Debug|Any CPU.ActiveCfg = Debug|Any CPU
		{B6F70ADB-C7AF-49F8-A3A5-9E5B7B465428}.Debug|Any CPU.Build.0 = Debug|Any CPU
		{B6F70ADB-C7AF-49F8-A3A5-9E5B7B465428}.Debug|x86.ActiveCfg = Debug|Any CPU
		{B6F70ADB-C7AF-49F8-A3A5-9E5B7B465428}.Debug|x86.Build.0 = Debug|Any CPU
		{B6F70ADB-C7AF-49F8-A3A5-9E5B7B465428}.Release|Any CPU.ActiveCfg = Release|Any CPU
		{B6F70ADB-C7AF-49F8-A3A5-9E5B7B465428}.Release|Any CPU.Build.0 = Release|Any CPU
		{B6F70ADB-C7AF-49F8-A3A5-9E5B7B465428}.Release|x86.ActiveCfg = Release|Any CPU
		{B6F70ADB-C7AF-49F8-A3A5-9E5B7B465428}.Release|x86.Build.0 = Release|Any CPU
		{DE2B7784-F288-4603-A876-E7EDB1124A0F}.Debug|Any CPU.ActiveCfg = Debug|x86
		{DE2B7784-F288-4603-A876-E7EDB1124A0F}.Debug|x86.ActiveCfg = Debug|x86
		{DE2B7784-F288-4603-A876-E7EDB1124A0F}.Debug|x86.Build.0 = Debug|x86
		{DE2B7784-F288-4603-A876-E7EDB1124A0F}.Release|Any CPU.ActiveCfg = Release|x86
		{DE2B7784-F288-4603-A876-E7EDB1124A0F}.Release|x86.ActiveCfg = Release|x86
		{DE2B7784-F288-4603-A876-E7EDB1124A0F}.Release|x86.Build.0 = Release|x86
		{57D6FFFC-D123-4819-B779-D551898E5070}.Debug|Any CPU.ActiveCfg = Debug|Any CPU
		{57D6FFFC-D123-4819-B779-D551898E5070}.Debug|Any CPU.Build.0 = Debug|Any CPU
		{57D6FFFC-D123-4819-B779-D551898E5070}.Debug|x86.ActiveCfg = Debug|Any CPU
		{57D6FFFC-D123-4819-B779-D551898E5070}.Debug|x86.Build.0 = Debug|Any CPU
		{57D6FFFC-D123-4819-B779-D551898E5070}.Release|Any CPU.ActiveCfg = Release|Any CPU
		{57D6FFFC-D123-4819-B779-D551898E5070}.Release|Any CPU.Build.0 = Release|Any CPU
		{57D6FFFC-D123-4819-B779-D551898E5070}.Release|x86.ActiveCfg = Release|Any CPU
		{57D6FFFC-D123-4819-B779-D551898E5070}.Release|x86.Build.0 = Release|Any CPU
		{4275282F-BA8B-4D46-86F0-97B8B2C45DA1}.Debug|Any CPU.ActiveCfg = Debug|Any CPU
		{4275282F-BA8B-4D46-86F0-97B8B2C45DA1}.Debug|Any CPU.Build.0 = Debug|Any CPU
		{4275282F-BA8B-4D46-86F0-97B8B2C45DA1}.Debug|x86.ActiveCfg = Debug|Any CPU
		{4275282F-BA8B-4D46-86F0-97B8B2C45DA1}.Debug|x86.Build.0 = Debug|Any CPU
		{4275282F-BA8B-4D46-86F0-97B8B2C45DA1}.Release|Any CPU.ActiveCfg = Release|Any CPU
		{4275282F-BA8B-4D46-86F0-97B8B2C45DA1}.Release|Any CPU.Build.0 = Release|Any CPU
		{4275282F-BA8B-4D46-86F0-97B8B2C45DA1}.Release|x86.ActiveCfg = Release|Any CPU
		{4275282F-BA8B-4D46-86F0-97B8B2C45DA1}.Release|x86.Build.0 = Release|Any CPU
		{CC84FF49-807E-4FF1-BCCC-14B9ACDBEA5E}.Debug|Any CPU.ActiveCfg = Debug|Any CPU
		{CC84FF49-807E-4FF1-BCCC-14B9ACDBEA5E}.Debug|Any CPU.Build.0 = Debug|Any CPU
		{CC84FF49-807E-4FF1-BCCC-14B9ACDBEA5E}.Debug|x86.ActiveCfg = Debug|Any CPU
		{CC84FF49-807E-4FF1-BCCC-14B9ACDBEA5E}.Debug|x86.Build.0 = Debug|Any CPU
		{CC84FF49-807E-4FF1-BCCC-14B9ACDBEA5E}.Release|Any CPU.ActiveCfg = Release|Any CPU
		{CC84FF49-807E-4FF1-BCCC-14B9ACDBEA5E}.Release|Any CPU.Build.0 = Release|Any CPU
		{CC84FF49-807E-4FF1-BCCC-14B9ACDBEA5E}.Release|x86.ActiveCfg = Release|Any CPU
		{CC84FF49-807E-4FF1-BCCC-14B9ACDBEA5E}.Release|x86.Build.0 = Release|Any CPU
		{9F60DA91-4FE1-427E-9B07-41C85CBFEE4B}.Debug|Any CPU.ActiveCfg = Debug|Any CPU
		{9F60DA91-4FE1-427E-9B07-41C85CBFEE4B}.Debug|Any CPU.Build.0 = Debug|Any CPU
		{9F60DA91-4FE1-427E-9B07-41C85CBFEE4B}.Debug|x86.ActiveCfg = Debug|Any CPU
		{9F60DA91-4FE1-427E-9B07-41C85CBFEE4B}.Debug|x86.Build.0 = Debug|Any CPU
		{9F60DA91-4FE1-427E-9B07-41C85CBFEE4B}.Release|Any CPU.ActiveCfg = Release|Any CPU
		{9F60DA91-4FE1-427E-9B07-41C85CBFEE4B}.Release|Any CPU.Build.0 = Release|Any CPU
		{9F60DA91-4FE1-427E-9B07-41C85CBFEE4B}.Release|x86.ActiveCfg = Release|Any CPU
		{9F60DA91-4FE1-427E-9B07-41C85CBFEE4B}.Release|x86.Build.0 = Release|Any CPU
	EndGlobalSection
	GlobalSection(SolutionProperties) = preSolution
		HideSolutionNode = FALSE
	EndGlobalSection
EndGlobal
